# THIS IS AN AUTOGENERATED FILE. DO NOT EDIT THIS FILE DIRECTLY.
# yarn lockfile v1


angular-animate@^1.6.4:
  version "1.6.4"
  resolved "https://registry.yarnpkg.com/angular-animate/-/angular-animate-1.6.4.tgz#d3eb906d39834f2dfbdd982e6b8d7a3b4d9001d2"

angular-cookies@^1.6.4:
  version "1.6.4"
  resolved "https://registry.yarnpkg.com/angular-cookies/-/angular-cookies-1.6.4.tgz#c28f3f6aac7a9826c1e45f1d6807240036e5b26d"

angular-resource@^1.6.4:
  version "1.6.4"
  resolved "https://registry.yarnpkg.com/angular-resource/-/angular-resource-1.6.4.tgz#bcb83688b0a7d3402fde58dc7f4881383a6c0ebb"

angular-route@^1.6.4:
  version "1.6.4"
  resolved "https://registry.yarnpkg.com/angular-route/-/angular-route-1.6.4.tgz#7bb216fcda746a1b8c452054b05900a7074ecc62"

angular@^1.8.0:
  version "1.8.0"
  resolved "https://registry.yarnpkg.com/angular/-/angular-1.8.0.tgz#b1ec179887869215cab6dfd0df2e42caa65b1b51"

bootstrap@^3.3.7:
  version "3.3.7"
  resolved "https://registry.yarnpkg.com/bootstrap/-/bootstrap-3.3.7.tgz#5a389394549f23330875a3b150656574f8a9eb71"

jquery@^3.2.1:
  version "3.2.1"
  resolved "https://registry.yarnpkg.com/jquery/-/jquery-3.2.1.tgz#5c4d9de652af6cd0a770154a631bba12b015c787"
