# THIS IS AN AUTOGENERATED FILE. DO NOT EDIT THIS FILE DIRECTLY.
# yarn lockfile v1


angular-animate@^1.6.4:
  version "1.6.4"
  resolved "https://registry.yarnpkg.com/angular-animate/-/angular-animate-1.6.4.tgz#d3eb906d39834f2dfbdd982e6b8d7a3b4d9001d2"

angular-cookies@^1.6.4:
  version "1.6.4"
  resolved "https://registry.yarnpkg.com/angular-cookies/-/angular-cookies-1.6.4.tgz#c28f3f6aac7a9826c1e45f1d6807240036e5b26d"

angular-resource@^1.6.4:
  version "1.6.4"
  resolved "https://registry.yarnpkg.com/angular-resource/-/angular-resource-1.6.4.tgz#bcb83688b0a7d3402fde58dc7f4881383a6c0ebb"

angular-route@^1.6.4:
  version "1.6.4"
  resolved "https://registry.yarnpkg.com/angular-route/-/angular-route-1.6.4.tgz#7bb216fcda746a1b8c452054b05900a7074ecc62"

angular@^1.8.0:
  version "1.8.0"
  resolved "https://registry.yarnpkg.com/angular/-/angular-1.8.0.tgz#b1ec179887869215cab6dfd0df2e42caa65b1b51"

bootstrap@^3.4.1:
  version "3.4.1"
  resolved "https://registry.yarnpkg.com/bootstrap/-/bootstrap-3.4.1.tgz#c3a347d419e289ad11f4033e3c4132b87c081d72"

jquery@^3.5.0:
  version "3.5.0"
  resolved "https://registry.yarnpkg.com/jquery/-/jquery-3.5.0.tgz#9980b97d9e4194611c36530e7dc46a58d7340fc9"
